{
  "nodes": {
    "flake-utils": {
      "inputs": {
        "systems": "systems"
      },
      "locked": {
        "lastModified": 1710146030,
        "narHash": "sha256-SZ5L6eA7HJ/nmkzGG7/ISclqe6oZdOZTNoesiInkXPQ=",
        "owner": "numtide",
        "repo": "flake-utils",
        "rev": "b1d9ab70662946ef0850d488da1c9019f3a9752a",
        "type": "github"
      },
      "original": {
        "owner": "numtide",
        "repo": "flake-utils",
        "type": "github"
      }
    },
    "flakey-profile": {
      "locked": {
        "lastModified": 1712898590,
        "narHash": "sha256-FhGIEU93VHAChKEXx905TSiPZKga69bWl1VB37FK//I=",
        "owner": "lf-",
        "repo": "flakey-profile",
        "rev": "243c903fd8eadc0f63d205665a92d4df91d42d9d",
        "type": "github"
      },
      "original": {
        "owner": "lf-",
        "repo": "flakey-profile",
        "type": "github"
      }
    },
    "home-manager": {
      "inputs": {
        "nixpkgs": [
          "nixpkgs"
        ]
      },
      "locked": {
        "lastModified": 1718243258,
        "narHash": "sha256-abBpj2VU8p6qlRzTU8o22q68MmOaZ4v8zZ4UlYl5YRU=",
        "owner": "nix-community",
        "repo": "home-manager",
        "rev": "8d5e27b4807d25308dfe369d5a923d87e7dbfda3",
        "type": "github"
      },
      "original": {
        "owner": "nix-community",
        "ref": "master",
        "repo": "home-manager",
        "type": "github"
      }
    },
    "lix": {
      "flake": false,
      "locked": {
        "lastModified": 1720626042,
        "narHash": "sha256-f8k+BezKdJfmE+k7zgBJiohtS3VkkriycdXYsKOm3sc=",
        "rev": "2a4376be20d70feaa2b0e640c5041fb66ddc67ed",
        "type": "tarball",
        "url": "https://git.lix.systems/api/v1/repos/lix-project/lix/archive/2a4376be20d70feaa2b0e640c5041fb66ddc67ed.tar.gz"
      },
      "original": {
        "type": "tarball",
        "url": "https://git.lix.systems/lix-project/lix/archive/2.90.0.tar.gz"
      }
    },
    "lix-module": {
      "inputs": {
        "flake-utils": "flake-utils",
        "flakey-profile": "flakey-profile",
        "lix": "lix",
        "nixpkgs": [
          "nixpkgs"
        ]
      },
      "locked": {
        "lastModified": 1720641669,
        "narHash": "sha256-yEO2cGNgzm9x/XxiDQI+WckSWnZX63R8aJLBRSXtYNE=",
        "rev": "5c48c833c15bb80d127a398a8c2484d42fdd8257",
        "type": "tarball",
        "url": "https://git.lix.systems/api/v1/repos/lix-project/nixos-module/archive/5c48c833c15bb80d127a398a8c2484d42fdd8257.tar.gz"
      },
      "original": {
        "type": "tarball",
        "url": "https://git.lix.systems/lix-project/nixos-module/archive/2.90.0.tar.gz"
      }
    },
    "nix-darwin": {
      "inputs": {
        "nixpkgs": [
          "nixpkgs"
        ]
      },
      "locked": {
        "lastModified": 1717976995,
        "narHash": "sha256-u3HBinyIyUvL1+N816bODpJmSQdgn0Mbb8BprFw7kqo=",
        "owner": "LnL7",
        "repo": "nix-darwin",
        "rev": "315aa649ba307704db0b16c92f097a08a65ec955",
        "type": "github"
      },
      "original": {
        "owner": "LnL7",
        "repo": "nix-darwin",
        "type": "github"
      }
    },
    "nixpkgs": {
      "locked": {
        "lastModified": 1718268904,
        "narHash": "sha256-ZSDbjwAzoCb5KP/puBhftAZwXmOatf28GcxYoY0kIfE=",
        "owner": "nixos",
        "repo": "nixpkgs",
        "rev": "3d288ae185811df1ceeaf931b73e30b2b823ae9b",
        "type": "github"
      },
      "original": {
        "owner": "nixos",
        "ref": "master",
        "repo": "nixpkgs",
        "type": "github"
      }
    },
    "nixpkgs-stable": {
      "locked": {
        "lastModified": 1718350267,
        "narHash": "sha256-hrf/m9msEun15Vbs8+IOijFe4Sb58KxG/BnDSL9xgZQ=",
        "owner": "NixOS",
        "repo": "nixpkgs",
        "rev": "ecbc30d5ed9f75449233b17d4a4cdeab53af793f",
        "type": "github"
      },
      "original": {
        "owner": "NixOS",
        "ref": "nixpkgs-24.05-darwin",
        "repo": "nixpkgs",
        "type": "github"
      }
    },
    "root": {
      "inputs": {
        "home-manager": "home-manager",
        "lix-module": "lix-module",
        "nix-darwin": "nix-darwin",
        "nixpkgs": "nixpkgs",
        "nixpkgs-stable": "nixpkgs-stable"
      }
    },
    "systems": {
      "locked": {
        "lastModified": 1681028828,
        "narHash": "sha256-Vy1rq5AaRuLzOxct8nz4T6wlgyUR7zLU309k9mBC768=",
        "owner": "nix-systems",
        "repo": "default",
        "rev": "da67096a3b9bf56a91d16901293e51ba5b49a27e",
        "type": "github"
      },
      "original": {
        "owner": "nix-systems",
        "repo": "default",
        "type": "github"
      }
    }
  },
  "root": "root",
  "version": 7
}
